{
  "object": {
    "pins": [
      {
        "package": "Swifter",
        "repositoryURL": "https://github.com/httpswift/swifter.git",
        "state": {
          "branch": null,
          "revision": "57faa5da31c02e035e43e8189f7ae7e8fb7ddc68",
          "version": "1.4.6"
        }
      }
    ]
  },
  "version": 1
}
